
Microsoft Visual Studio Solution File, Format Version 12.00
# Visual Studio Version 17
VisualStudioVersion = 17.0.32014.148
MinimumVisualStudioVersion = 10.0.40219.1
Project("{FAE04EC0-301F-11D3-BF4B-00C04F79EFBC}") = "MvcTest1", "MvcTest1\MvcTest1.csproj", "{9C63A51A-A006-4366-A8D8-EA2FADA3BEF3}"
EndProject
Global
	GlobalSection(SolutionConfigurationPlatforms) = preSolution
		Debug|Any CPU = Debug|Any CPU
		Release|Any CPU = Release|Any CPU
	EndGlobalSection
	GlobalSection(ProjectConfigurationPlatforms) = postSolution
		{9C63A51A-A006-4366-A8D8-EA2FADA3BEF3}.Debug|Any CPU.ActiveCfg = Debug|Any CPU
		{9C63A51A-A006-4366-A8D8-EA2FADA3BEF3}.Debug|Any CPU.Build.0 = Debug|Any CPU
		{9C63A51A-A006-4366-A8D8-EA2FADA3BEF3}.Release|Any CPU.ActiveCfg = Release|Any CPU
		{9C63A51A-A006-4366-A8D8-EA2FADA3BEF3}.Release|Any CPU.Build.0 = Release|Any CPU
	EndGlobalSection
	GlobalSection(SolutionProperties) = preSolution
		HideSolutionNode = FALSE
	EndGlobalSection
	GlobalSection(ExtensibilityGlobals) = postSolution
		SolutionGuid = {A1C44A0A-B580-4D6A-BE69-A1E784A0DF38}
	EndGlobalSection
EndGlobal
